
Microsoft Visual Studio Solution File, Format Version 12.00
# Visual Studio Version 17
VisualStudioVersion = 17.10.35027.167
MinimumVisualStudioVersion = 10.0.40219.1
Project("{FAE04EC0-301F-11D3-BF4B-00C04F79EFBC}") = "Deliverable2", "Deliverable2\Deliverable2.csproj", "{6B8126DE-C999-461A-BB56-CD30D1C419E2}"
EndProject
Global
	GlobalSection(SolutionConfigurationPlatforms) = preSolution
		Debug|Any CPU = Debug|Any CPU
		Release|Any CPU = Release|Any CPU
	EndGlobalSection
	GlobalSection(ProjectConfigurationPlatforms) = postSolution
		{6B8126DE-C999-461A-BB56-CD30D1C419E2}.Debug|Any CPU.ActiveCfg = Debug|Any CPU
		{6B8126DE-C999-461A-BB56-CD30D1C419E2}.Debug|Any CPU.Build.0 = Debug|Any CPU
		{6B8126DE-C999-461A-BB56-CD30D1C419E2}.Release|Any CPU.ActiveCfg = Release|Any CPU
		{6B8126DE-C999-461A-BB56-CD30D1C419E2}.Release|Any CPU.Build.0 = Release|Any CPU
	EndGlobalSection
	GlobalSection(SolutionProperties) = preSolution
		HideSolutionNode = FALSE
	EndGlobalSection
	GlobalSection(ExtensibilityGlobals) = postSolution
		SolutionGuid = {099D784D-636C-4947-BE8C-DAD82AC63B56}
	EndGlobalSection
EndGlobal
